
Microsoft Visual Studio Solution File, Format Version 12.00
# Visual Studio Version 17
VisualStudioVersion = 17.11.35312.102
MinimumVisualStudioVersion = 10.0.40219.1
Project("{FAE04EC0-301F-11D3-BF4B-00C04F79EFBC}") = "Car_sharingDB", "Car_sharingDB.csproj", "{495B6C1D-51D0-4CB2-A7E2-A4123EA8B891}"
EndProject
Global
	GlobalSection(SolutionConfigurationPlatforms) = preSolution
		Debug|Any CPU = Debug|Any CPU
		Release|Any CPU = Release|Any CPU
	EndGlobalSection
	GlobalSection(ProjectConfigurationPlatforms) = postSolution
		{495B6C1D-51D0-4CB2-A7E2-A4123EA8B891}.Debug|Any CPU.ActiveCfg = Debug|Any CPU
		{495B6C1D-51D0-4CB2-A7E2-A4123EA8B891}.Debug|Any CPU.Build.0 = Debug|Any CPU
		{495B6C1D-51D0-4CB2-A7E2-A4123EA8B891}.Release|Any CPU.ActiveCfg = Release|Any CPU
		{495B6C1D-51D0-4CB2-A7E2-A4123EA8B891}.Release|Any CPU.Build.0 = Release|Any CPU
	EndGlobalSection
	GlobalSection(SolutionProperties) = preSolution
		HideSolutionNode = FALSE
	EndGlobalSection
	GlobalSection(ExtensibilityGlobals) = postSolution
		SolutionGuid = {ABFE5746-28ED-416B-A427-DDE1D5EE8D04}
	EndGlobalSection
EndGlobal
